
Microsoft Visual Studio Solution File, Format Version 12.00
# Visual Studio 15
VisualStudioVersion = 15.0.27130.2036
MinimumVisualStudioVersion = 10.0.40219.1
Project("{FAE04EC0-301F-11D3-BF4B-00C04F79EFBC}") = "RoyalFinishingManager", "RoyalFinishingManager\RoyalFinishingManager.csproj", "{E563613B-108E-4B8C-A03A-89FC6144D6B7}"
EndProject
Global
	GlobalSection(SolutionConfigurationPlatforms) = preSolution
		Debug|Any CPU = Debug|Any CPU
		Release|Any CPU = Release|Any CPU
	EndGlobalSection
	GlobalSection(ProjectConfigurationPlatforms) = postSolution
		{E563613B-108E-4B8C-A03A-89FC6144D6B7}.Debug|Any CPU.ActiveCfg = Debug|Any CPU
		{E563613B-108E-4B8C-A03A-89FC6144D6B7}.Debug|Any CPU.Build.0 = Debug|Any CPU
		{E563613B-108E-4B8C-A03A-89FC6144D6B7}.Release|Any CPU.ActiveCfg = Release|Any CPU
		{E563613B-108E-4B8C-A03A-89FC6144D6B7}.Release|Any CPU.Build.0 = Release|Any CPU
	EndGlobalSection
	GlobalSection(SolutionProperties) = preSolution
		HideSolutionNode = FALSE
	EndGlobalSection
	GlobalSection(ExtensibilityGlobals) = postSolution
		SolutionGuid = {0D7223D5-8E07-4C1E-8CE6-C7CC72B1FA37}
	EndGlobalSection
EndGlobal
